# This file was autogenerated by Stack.
# You should not edit this file by hand.
# For more information, please see the documentation at:
#   https://docs.haskellstack.org/en/stable/lock_files

packages:
- completed:
    size: 4172703
    url: https://github.com/yannick-cw/notion-ocr/archive/d323ae367d8379213ebd3d62b2ba71ed483abe3d.tar.gz
    cabal-file:
      size: 3068
      sha256: fe2d5bdd82da35a5b672399b1fc4b499b2ad47618427dcea089df9925635e50b
    name: notion-ocr
    version: 0.1.5
    sha256: 46d83db759f587995572a21d0fe0b8cc74009d9060819e4f15c374ae6148c8a0
    pantry-tree:
      size: 1331
      sha256: 537c628eac3f0d18d1ea7b8ea5acb06e0393584ec0ff73cc43c6c587cc8a632c
  original:
    url: https://github.com/yannick-cw/notion-ocr/archive/d323ae367d8379213ebd3d62b2ba71ed483abe3d.tar.gz
snapshots:
- completed:
    size: 524799
    url: https://raw.githubusercontent.com/commercialhaskell/stackage-snapshots/master/lts/14/17.yaml
    sha256: 1d72b33c0fc048e23f4f18fd76a6ad79dd1d8a3c054644098a71a09855e40c7c
  original: lts-14.17
