# This file was autogenerated by Stack.
# You should not edit this file by hand.
# For more information, please see the documentation at:
#   https://docs.haskellstack.org/en/stable/lock_files

packages:
- completed:
    size: 4172703
    url: https://github.com/yannick-cw/notion-ocr/archive/d323ae367d8379213ebd3d62b2ba71ed483abe3d.tar.gz
    cabal-file:
      size: 3068
      sha256: fe2d5bdd82da35a5b672399b1fc4b499b2ad47618427dcea089df9925635e50b
    name: notion-ocr
    version: 0.1.5
    sha256: 46d83db759f587995572a21d0fe0b8cc74009d9060819e4f15c374ae6148c8a0
    pantry-tree:
      size: 1331
      sha256: 537c628eac3f0d18d1ea7b8ea5acb06e0393584ec0ff73cc43c6c587cc8a632c
  original:
    url: https://github.com/yannick-cw/notion-ocr/archive/d323ae367d8379213ebd3d62b2ba71ed483abe3d.tar.gz
- completed:
    size: 7739
    url: https://github.com/yannick-cw/notion-api/archive/672b3cfe0d9191eab09a2db8beba176810e0b266.tar.gz
    cabal-file:
      size: 2327
      sha256: 11b73e8c670915eb072c00b65662150c0fa5fb3b880a085f05482aff6222f232
    name: notion-api
    version: 0.0.1
    sha256: 84e26d07ed3f907848bd4c43c0e1adec85f2fe7dea58d954dc5c7d37fc3b6413
    pantry-tree:
      size: 749
      sha256: e756df7ffebc70ddd833ced6fe57fedd80cafa75e38ca243a6476752aa7702c4
  original:
    url: https://github.com/yannick-cw/notion-api/archive/672b3cfe0d9191eab09a2db8beba176810e0b266.tar.gz
- completed:
    hackage: witherable-0.3.5@sha256:6590a15735b50ac14dcc138d4265ff1585d5f3e9d3047d5ebc5abf4cd5f50084,1476
    pantry-tree:
      size: 271
      sha256: b99f21dbac28da031eb7c787fbffbe5e77e0aee42b64b5dda082470e907d5ab5
  original:
    hackage: witherable-0.3.5@sha256:6590a15735b50ac14dcc138d4265ff1585d5f3e9d3047d5ebc5abf4cd5f50084,1476
- completed:
    hackage: witherable-class-0@sha256:91f05518f9f4af5b02424f13ee7dcdab5d6618e01346aa2f388a72ff93e2e501,775
    pantry-tree:
      size: 277
      sha256: e99696bf95da593a3892c7b9a28db09ffd139b4b1b313f32cec9d26979aa7ce2
  original:
    hackage: witherable-class-0@sha256:91f05518f9f4af5b02424f13ee7dcdab5d6618e01346aa2f388a72ff93e2e501,775
snapshots:
- completed:
    size: 524799
    url: https://raw.githubusercontent.com/commercialhaskell/stackage-snapshots/master/lts/14/17.yaml
    sha256: 1d72b33c0fc048e23f4f18fd76a6ad79dd1d8a3c054644098a71a09855e40c7c
  original: lts-14.17
